// !$*UTF8*$!
{
	archiveVersion = 1;
	classes = {
	};
	objectVersion = 77;
	objects = {

/* Begin PBXContainerItemProxy section */
		C19BB0DD2F20391800D0775A /* PBXContainerItemProxy */ = {
			isa = PBXContainerItemProxy;
			containerPortal = C19BB0C72F20391600D0775A /* Project object */;
			proxyType = 1;
			remoteGlobalIDString = C19BB0CE2F20391600D0775A;
			remoteInfo = "Challenge-Cities";
		};
		C19BB0E72F20391800D0775A /* PBXContainerItemProxy */ = {
			isa = PBXContainerItemProxy;
			containerPortal = C19BB0C72F20391600D0775A /* Project object */;
			proxyType = 1;
			remoteGlobalIDString = C19BB0CE2F20391600D0775A;
			remoteInfo = "Challenge-Cities";
		};
/* End PBXContainerItemProxy section */

/* Begin PBXFileReference section */
		C19BB0CF2F20391600D0775A /* Challenge-Cities.app */ = {isa = PBXFileReference; explicitFileType = wrapper.application; includeInIndex = 0; path = "Challenge-Cities.app"; sourceTree = BUILT_PRODUCTS_DIR; };
		C19BB0DC2F20391800D0775A /* Challenge-CitiesTests.xctest */ = {isa = PBXFileReference; explicitFileType = wrapper.cfbundle; includeInIndex = 0; path = "Challenge-CitiesTests.xctest"; sourceTree = BUILT_PRODUCTS_DIR; };
		C19BB0E62F20391800D0775A /* Challenge-CitiesUITests.xctest */ = {isa = PBXFileReference; explicitFileType = wrapper.cfbundle; includeInIndex = 0; path = "Challenge-CitiesUITests.xctest"; sourceTree = BUILT_PRODUCTS_DIR; };
/* End PBXFileReference section */

/* Begin PBXFileSystemSynchronizedBuildFileExceptionSet section */
		C1644AF82F2DA07200661978 /* Exceptions for "Challenge-Cities" folder in "Challenge-Cities" target */ = {
			isa = PBXFileSystemSynchronizedBuildFileExceptionSet;
			membershipExceptions = (
				Info.plist,
			);
			target = C19BB0CE2F20391600D0775A /* Challenge-Cities */;
		};
/* End PBXFileSystemSynchronizedBuildFileExceptionSet section */

/* Begin PBXFileSystemSynchronizedRootGroup section */
		C19BB0D12F20391600D0775A /* Challenge-Cities */ = {
			isa = PBXFileSystemSynchronizedRootGroup;
			exceptions = (
				C1644AF82F2DA07200661978 /* Exceptions for "Challenge-Cities" folder in "Challenge-Cities" target */,
			);
			path = "Challenge-Cities";
			sourceTree = "<group>";
		};
		C19BB0DF2F20391800D0775A /* Challenge-CitiesTests */ = {
			isa = PBXFileSystemSynchronizedRootGroup;
			path = "Challenge-CitiesTests";
			sourceTree = "<group>";
		};
		C19BB0E92F20391800D0775A /* Challenge-CitiesUITests */ = {
			isa = PBXFileSystemSynchronizedRootGroup;
			path = "Challenge-CitiesUITests";
			sourceTree = "<group>";
		};
/* End PBXFileSystemSynchronizedRootGroup section */

/* Begin PBXFrameworksBuildPhase section */
		C19BB0CC2F20391600D0775A /* Frameworks */ = {
			isa = PBXFrameworksBuildPhase;
			buildActionMask = 2147483647;
			files = (
			);
			runOnlyForDeploymentPostprocessing = 0;
		};
		C19BB0D92F20391800D0775A /* Frameworks */ = {
			isa = PBXFrameworksBuildPhase;
			buildActionMask = 2147483647;
			files = (
			);
			runOnlyForDeploymentPostprocessing = 0;
		};
		C19BB0E32F20391800D0775A /* Frameworks */ = {
			isa = PBXFrameworksBuildPhase;
			buildActionMask = 2147483647;
			files = (
			);
			runOnlyForDeploymentPostprocessing = 0;
		};
/* End PBXFrameworksBuildPhase section */

/* Begin PBXGroup section */
		C19BB0C62F20391600D0775A = {
			isa = PBXGroup;
			children = (
				C19BB0D12F20391600D0775A /* Challenge-Cities */,
				C19BB0DF2F20391800D0775A /* Challenge-CitiesTests */,
				C19BB0E92F20391800D0775A /* Challenge-CitiesUITests */,
				C19BB0D02F20391600D0775A /* Products */,
			);
			sourceTree = "<group>";
		};
		C19BB0D02F20391600D0775A /* Products */ = {
			isa = PBXGroup;
			children = (
				C19BB0CF2F20391600D0775A /* Challenge-Cities.app */,
				C19BB0DC2F20391800D0775A /* Challenge-CitiesTests.xctest */,
				C19BB0E62F20391800D0775A /* Challenge-CitiesUITests.xctest */,
			);
			name = Products;
			sourceTree = "<group>";
		};
/* End PBXGroup section */

/* Begin PBXNativeTarget section */
		C19BB0CE2F20391600D0775A /* Challenge-Cities */ = {
			isa = PBXNativeTarget;
			buildConfigurationList = C19BB0F02F20391800D0775A /* Build configuration list for PBXNativeTarget "Challenge-Cities" */;
			buildPhases = (
				C19BB0CB2F20391600D0775A /* Sources */,
				C19BB0CC2F20391600D0775A /* Frameworks */,
				C19BB0CD2F20391600D0775A /* Resources */,
			);
			buildRules = (
			);
			dependencies = (
			);
			fileSystemSynchronizedGroups = (
				C19BB0D12F20391600D0775A /* Challenge-Cities */,
			);
			name = "Challenge-Cities";
			packageProductDependencies = (
			);
			productName = "Challenge-Cities";
			productReference = C19BB0CF2F20391600D0775A /* Challenge-Cities.app */;
			productType = "com.apple.product-type.application";
		};
		C19BB0DB2F20391800D0775A /* Challenge-CitiesTests */ = {
			isa = PBXNativeTarget;
			buildConfigurationList = C19BB0F32F20391800D0775A /* Build configuration list for PBXNativeTarget "Challenge-CitiesTests" */;
			buildPhases = (
				C19BB0D82F20391800D0775A /* Sources */,
				C19BB0D92F20391800D0775A /* Frameworks */,
				C19BB0DA2F20391800D0775A /* Resources */,
			);
			buildRules = (
			);
			dependencies = (
				C19BB0DE2F20391800D0775A /* PBXTargetDependency */,
			);
			fileSystemSynchronizedGroups = (
				C19BB0DF2F20391800D0775A /* Challenge-CitiesTests */,
			);
			name = "Challenge-CitiesTests";
			packageProductDependencies = (
			);
			productName = "Challenge-CitiesTests";
			productReference = C19BB0DC2F20391800D0775A /* Challenge-CitiesTests.xctest */;
			productType = "com.apple.product-type.bundle.unit-test";
		};
		C19BB0E52F20391800D0775A /* Challenge-CitiesUITests */ = {
			isa = PBXNativeTarget;
			buildConfigurationList = C19BB0F62F20391800D0775A /* Build configuration list for PBXNativeTarget "Challenge-CitiesUITests" */;
			buildPhases = (
				C19BB0E22F20391800D0775A /* Sources */,
				C19BB0E32F20391800D0775A /* Frameworks */,
				C19BB0E42F20391800D0775A /* Resources */,
			);
			buildRules = (
			);
			dependencies = (
				C19BB0E82F20391800D0775A /* PBXTargetDependency */,
			);
			fileSystemSynchronizedGroups = (
				C19BB0E92F20391800D0775A /* Challenge-CitiesUITests */,
			);
			name = "Challenge-CitiesUITests";
			packageProductDependencies = (
			);
			productName = "Challenge-CitiesUITests";
			productReference = C19BB0E62F20391800D0775A /* Challenge-CitiesUITests.xctest */;
			productType = "com.apple.product-type.bundle.ui-testing";
		};
/* End PBXNativeTarget section */

/* Begin PBXProject section */
		C19BB0C72F20391600D0775A /* Project object */ = {
			isa = PBXProject;
			attributes = {
				BuildIndependentTargetsInParallel = 1;
				LastSwiftUpdateCheck = 2600;
				LastUpgradeCheck = 2600;
				TargetAttributes = {
					C19BB0CE2F20391600D0775A = {
						CreatedOnToolsVersion = 26.0.1;
					};
					C19BB0DB2F20391800D0775A = {
						CreatedOnToolsVersion = 26.0.1;
						LastSwiftMigration = 2600;
						TestTargetID = C19BB0CE2F20391600D0775A;
					};
					C19BB0E52F20391800D0775A = {
						CreatedOnToolsVersion = 26.0.1;
						TestTargetID = C19BB0CE2F20391600D0775A;
					};
				};
			};
			buildConfigurationList = C19BB0CA2F20391600D0775A /* Build configuration list for PBXProject "Challenge-Cities" */;
			developmentRegion = en;
			hasScannedForEncodings = 0;
			knownRegions = (
				en,
				Base,
			);
			mainGroup = C19BB0C62F20391600D0775A;
			minimizedProjectReferenceProxies = 1;
			packageReferences = (
			);
			preferredProjectObjectVersion = 77;
			productRefGroup = C19BB0D02F20391600D0775A /* Products */;
			projectDirPath = "";
			projectRoot = "";
			targets = (
				C19BB0CE2F20391600D0775A /* Challenge-Cities */,
				C19BB0DB2F20391800D0775A /* Challenge-CitiesTests */,
				C19BB0E52F20391800D0775A /* Challenge-CitiesUITests */,
			);
		};
/* End PBXProject section */

/* Begin PBXResourcesBuildPhase section */
		C19BB0CD2F20391600D0775A /* Resources */ = {
			isa = PBXResourcesBuildPhase;
			buildActionMask = 2147483647;
			files = (
			);
			runOnlyForDeploymentPostprocessing = 0;
		};
		C19BB0DA2F20391800D0775A /* Resources */ = {
			isa = PBXResourcesBuildPhase;
			buildActionMask = 2147483647;
			files = (
			);
			runOnlyForDeploymentPostprocessing = 0;
		};
		C19BB0E42F20391800D0775A /* Resources */ = {
			isa = PBXResourcesBuildPhase;
			buildActionMask = 2147483647;
			files = (
			);
			runOnlyForDeploymentPostprocessing = 0;
		};
/* End PBXResourcesBuildPhase section */

/* Begin PBXSourcesBuildPhase section */
		C19BB0CB2F20391600D0775A /* Sources */ = {
			isa = PBXSourcesBuildPhase;
			buildActionMask = 2147483647;
			files = (
			);
			runOnlyForDeploymentPostprocessing = 0;
		};
		C19BB0D82F20391800D0775A /* Sources */ = {
			isa = PBXSourcesBuildPhase;
			buildActionMask = 2147483647;
			files = (
			);
			runOnlyForDeploymentPostprocessing = 0;
		};
		C19BB0E22F20391800D0775A /* Sources */ = {
			isa = PBXSourcesBuildPhase;
			buildActionMask = 2147483647;
			files = (
			);
			runOnlyForDeploymentPostprocessing = 0;
		};
/* End PBXSourcesBuildPhase section */

/* Begin PBXTargetDependency section */
		C19BB0DE2F20391800D0775A /* PBXTargetDependency */ = {
			isa = PBXTargetDependency;
			target = C19BB0CE2F20391600D0775A /* Challenge-Cities */;
			targetProxy = C19BB0DD2F20391800D0775A /* PBXContainerItemProxy */;
		};
		C19BB0E82F20391800D0775A /* PBXTargetDependency */ = {
			isa = PBXTargetDependency;
			target = C19BB0CE2F20391600D0775A /* Challenge-Cities */;
			targetProxy = C19BB0E72F20391800D0775A /* PBXContainerItemProxy */;
		};
/* End PBXTargetDependency section */

/* Begin XCBuildConfiguration section */
		C19BB0EE2F20391800D0775A /* Debug */ = {
			isa = XCBuildConfiguration;
			buildSettings = {
				ALWAYS_SEARCH_USER_PATHS = NO;
				ASSETCATALOG_COMPILER_GENERATE_SWIFT_ASSET_SYMBOL_EXTENSIONS = YES;
				CLANG_ANALYZER_NONNULL = YES;
				CLANG_ANALYZER_NUMBER_OBJECT_CONVERSION = YES_AGGRESSIVE;
				CLANG_CXX_LANGUAGE_STANDARD = "gnu++20";
				CLANG_ENABLE_MODULES = YES;
				CLANG_ENABLE_OBJC_ARC = YES;
				CLANG_ENABLE_OBJC_WEAK = YES;
				CLANG_WARN_BLOCK_CAPTURE_AUTORELEASING = YES;
				CLANG_WARN_BOOL_CONVERSION = YES;
				CLANG_WARN_COMMA = YES;
				CLANG_WARN_CONSTANT_CONVERSION = YES;
				CLANG_WARN_DEPRECATED_OBJC_IMPLEMENTATIONS = YES;
				CLANG_WARN_DIRECT_OBJC_ISA_USAGE = YES_ERROR;
				CLANG_WARN_DOCUMENTATION_COMMENTS = YES;
				CLANG_WARN_EMPTY_BODY = YES;
				CLANG_WARN_ENUM_CONVERSION = YES;
				CLANG_WARN_INFINITE_RECURSION = YES;
				CLANG_WARN_INT_CONVERSION = YES;
				CLANG_WARN_NON_LITERAL_NULL_CONVERSION = YES;
				CLANG_WARN_OBJC_IMPLICIT_RETAIN_SELF = YES;
				CLANG_WARN_OBJC_LITERAL_CONVERSION = YES;
				CLANG_WARN_OBJC_ROOT_CLASS = YES_ERROR;
				CLANG_WARN_QUOTED_INCLUDE_IN_FRAMEWORK_HEADER = YES;
				CLANG_WARN_RANGE_LOOP_ANALYSIS = YES;
				CLANG_WARN_STRICT_PROTOTYPES = YES;
				CLANG_WARN_SUSPICIOUS_MOVE = YES;
				CLANG_WARN_UNGUARDED_AVAILABILITY = YES_AGGRESSIVE;
				CLANG_WARN_UNREACHABLE_CODE = YES;
				CLANG_WARN__DUPLICATE_METHOD_MATCH = YES;
				COPY_PHASE_STRIP = NO;
				DEBUG_INFORMATION_FORMAT = dwarf;
				DEVELOPMENT_TEAM = 86JXL2R27J;
				ENABLE_STRICT_OBJC_MSGSEND = YES;
				ENABLE_TESTABILITY = YES;
				ENABLE_USER_SCRIPT_SANDBOXING = YES;
				GCC_C_LANGUAGE_STANDARD = gnu17;
				GCC_DYNAMIC_NO_PIC = NO;
				GCC_NO_COMMON_BLOCKS = YES;
				GCC_OPTIMIZATION_LEVEL = 0;
				GCC_PREPROCESSOR_DEFINITIONS = (
					"DEBUG=1",
					"$(inherited)",
				);
				GCC_WARN_64_TO_32_BIT_CONVERSION = YES;
				GCC_WARN_ABOUT_RETURN_TYPE = YES_ERROR;
				GCC_WARN_UNDECLARED_SELECTOR = YES;
				GCC_WARN_UNINITIALIZED_AUTOS = YES_AGGRESSIVE;
				GCC_WARN_UNUSED_FUNCTION = YES;
				GCC_WARN_UNUSED_VARIABLE = YES;
				INFOPLIST_FILE = "Challenge-Cities/Info.plist";
				IPHONEOS_DEPLOYMENT_TARGET = 26.0;
				LOCALIZATION_PREFERS_STRING_CATALOGS = YES;
				MTL_ENABLE_DEBUG_INFO = INCLUDE_SOURCE;
				MTL_FAST_MATH = YES;
				ONLY_ACTIVE_ARCH = YES;
				SDKROOT = iphoneos;
				SWIFT_ACTIVE_COMPILATION_CONDITIONS = "DEBUG $(inherited)";
				SWIFT_OPTIMIZATION_LEVEL = "-Onone";
			};
			name = Debug;
		};
		C19BB0EF2F20391800D0775A /* Release */ = {
			isa = XCBuildConfiguration;
			buildSettings = {
				ALWAYS_SEARCH_USER_PATHS = NO;
				ASSETCATALOG_COMPILER_GENERATE_SWIFT_ASSET_SYMBOL_EXTENSIONS = YES;
				CLANG_ANALYZER_NONNULL = YES;
				CLANG_ANALYZER_NUMBER_OBJECT_CONVERSION = YES_AGGRESSIVE;
				CLANG_CXX_LANGUAGE_STANDARD = "gnu++20";
				CLANG_ENABLE_MODULES = YES;
				CLANG_ENABLE_OBJC_ARC = YES;
				CLANG_ENABLE_OBJC_WEAK = YES;
				CLANG_WARN_BLOCK_CAPTURE_AUTORELEASING = YES;
				CLANG_WARN_BOOL_CONVERSION = YES;
				CLANG_WARN_COMMA = YES;
				CLANG_WARN_CONSTANT_CONVERSION = YES;
				CLANG_WARN_DEPRECATED_OBJC_IMPLEMENTATIONS = YES;
				CLANG_WARN_DIRECT_OBJC_ISA_USAGE = YES_ERROR;
				CLANG_WARN_DOCUMENTATION_COMMENTS = YES;
				CLANG_WARN_EMPTY_BODY = YES;
				CLANG_WARN_ENUM_CONVERSION = YES;
				CLANG_WARN_INFINITE_RECURSION = YES;
				CLANG_WARN_INT_CONVERSION = YES;
				CLANG_WARN_NON_LITERAL_NULL_CONVERSION = YES;
				CLANG_WARN_OBJC_IMPLICIT_RETAIN_SELF = YES;
				CLANG_WARN_OBJC_LITERAL_CONVERSION = YES;
				CLANG_WARN_OBJC_ROOT_CLASS = YES_ERROR;
				CLANG_WARN_QUOTED_INCLUDE_IN_FRAMEWORK_HEADER = YES;
				CLANG_WARN_RANGE_LOOP_ANALYSIS = YES;
				CLANG_WARN_STRICT_PROTOTYPES = YES;
				CLANG_WARN_SUSPICIOUS_MOVE = YES;
				CLANG_WARN_UNGUARDED_AVAILABILITY = YES_AGGRESSIVE;
				CLANG_WARN_UNREACHABLE_CODE = YES;
				CLANG_WARN__DUPLICATE_METHOD_MATCH = YES;
				COPY_PHASE_STRIP = NO;
				DEBUG_INFORMATION_FORMAT = "dwarf-with-dsym";
				DEVELOPMENT_TEAM = 86JXL2R27J;
				ENABLE_NS_ASSERTIONS = NO;
				ENABLE_STRICT_OBJC_MSGSEND = YES;
				ENABLE_USER_SCRIPT_SANDBOXING = YES;
				GCC_C_LANGUAGE_STANDARD = gnu17;
				GCC_NO_COMMON_BLOCKS = YES;
				GCC_WARN_64_TO_32_BIT_CONVERSION = YES;
				GCC_WARN_ABOUT_RETURN_TYPE = YES_ERROR;
				GCC_WARN_UNDECLARED_SELECTOR = YES;
				GCC_WARN_UNINITIALIZED_AUTOS = YES_AGGRESSIVE;
				GCC_WARN_UNUSED_FUNCTION = YES;
				GCC_WARN_UNUSED_VARIABLE = YES;
				INFOPLIST_FILE = "Challenge-Cities/Info.plist";
				IPHONEOS_DEPLOYMENT_TARGET = 26.0;
				LOCALIZATION_PREFERS_STRING_CATALOGS = YES;
				MTL_ENABLE_DEBUG_INFO = NO;
				MTL_FAST_MATH = YES;
				SDKROOT = iphoneos;
				SWIFT_COMPILATION_MODE = wholemodule;
				VALIDATE_PRODUCT = YES;
			};
			name = Release;
		};
		C19BB0F12F20391800D0775A /* Debug */ = {
			isa = XCBuildConfiguration;
			buildSettings = {
				ASSETCATALOG_COMPILER_APPICON_NAME = AppIcon;
				ASSETCATALOG_COMPILER_GLOBAL_ACCENT_COLOR_NAME = AccentColor;
				CODE_SIGN_IDENTITY = "Apple Development";
				CODE_SIGN_STYLE = Automatic;
				CURRENT_PROJECT_VERSION = 1;
				DEVELOPMENT_TEAM = 52996BN33J;
				ENABLE_PREVIEWS = YES;
				GENERATE_INFOPLIST_FILE = YES;
				INFOPLIST_FILE = "Challenge-Cities/Info.plist";
				INFOPLIST_KEY_UIApplicationSceneManifest_Generation = YES;
				INFOPLIST_KEY_UIApplicationSupportsIndirectInputEvents = YES;
				INFOPLIST_KEY_UILaunchScreen_Generation = YES;
				INFOPLIST_KEY_UISupportedInterfaceOrientations_iPad = "UIInterfaceOrientationPortrait UIInterfaceOrientationPortraitUpsideDown UIInterfaceOrientationLandscapeLeft UIInterfaceOrientationLandscapeRight";
				INFOPLIST_KEY_UISupportedInterfaceOrientations_iPhone = "UIInterfaceOrientationPortrait UIInterfaceOrientationLandscapeLeft UIInterfaceOrientationLandscapeRight";
				LD_RUNPATH_SEARCH_PATHS = (
					"$(inherited)",
					"@executable_path/Frameworks",
				);
				MARKETING_VERSION = 1.0;
				PRODUCT_BUNDLE_IDENTIFIER = com.PatricioJulianPerez.ChallengeCities;
				PRODUCT_NAME = "$(TARGET_NAME)";
				PROVISIONING_PROFILE_SPECIFIER = "";
				STRING_CATALOG_GENERATE_SYMBOLS = YES;
				SWIFT_APPROACHABLE_CONCURRENCY = YES;
				SWIFT_DEFAULT_ACTOR_ISOLATION = MainActor;
				SWIFT_EMIT_LOC_STRINGS = YES;
				SWIFT_UPCOMING_FEATURE_MEMBER_IMPORT_VISIBILITY = YES;
				SWIFT_VERSION = 5.0;
				TARGETED_DEVICE_FAMILY = "1,2";
			};
			name = Debug;
		};
		C19BB0F22F20391800D0775A /* Release */ = {
			isa = XCBuildConfiguration;
			buildSettings = {
				ASSETCATALOG_COMPILER_APPICON_NAME = AppIcon;
				ASSETCATALOG_COMPILER_GLOBAL_ACCENT_COLOR_NAME = AccentColor;
				CODE_SIGN_IDENTITY = "Apple Development";
				CODE_SIGN_STYLE = Automatic;
				CURRENT_PROJECT_VERSION = 1;
				DEVELOPMENT_TEAM = 52996BN33J;
				ENABLE_PREVIEWS = YES;
				GENERATE_INFOPLIST_FILE = YES;
				INFOPLIST_FILE = "Challenge-Cities/Info.plist";
				INFOPLIST_KEY_UIApplicationSceneManifest_Generation = YES;
				INFOPLIST_KEY_UIApplicationSupportsIndirectInputEvents = YES;
				INFOPLIST_KEY_UILaunchScreen_Generation = YES;
				INFOPLIST_KEY_UISupportedInterfaceOrientations_iPad = "UIInterfaceOrientationPortrait UIInterfaceOrientationPortraitUpsideDown UIInterfaceOrientationLandscapeLeft UIInterfaceOrientationLandscapeRight";
				INFOPLIST_KEY_UISupportedInterfaceOrientations_iPhone = "UIInterfaceOrientationPortrait UIInterfaceOrientationLandscapeLeft UIInterfaceOrientationLandscapeRight";
				LD_RUNPATH_SEARCH_PATHS = (
					"$(inherited)",
					"@executable_path/Frameworks",
				);
				MARKETING_VERSION = 1.0;
				PRODUCT_BUNDLE_IDENTIFIER = com.PatricioJulianPerez.ChallengeCities;
				PRODUCT_NAME = "$(TARGET_NAME)";
				PROVISIONING_PROFILE_SPECIFIER = "";
				STRING_CATALOG_GENERATE_SYMBOLS = YES;
				SWIFT_APPROACHABLE_CONCURRENCY = YES;
				SWIFT_DEFAULT_ACTOR_ISOLATION = MainActor;
				SWIFT_EMIT_LOC_STRINGS = YES;
				SWIFT_UPCOMING_FEATURE_MEMBER_IMPORT_VISIBILITY = YES;
				SWIFT_VERSION = 5.0;
				TARGETED_DEVICE_FAMILY = "1,2";
			};
			name = Release;
		};
		C19BB0F42F20391800D0775A /* Debug */ = {
			isa = XCBuildConfiguration;
			buildSettings = {
				BUNDLE_LOADER = "$(TEST_HOST)";
				CLANG_ENABLE_MODULES = YES;
				CODE_SIGN_STYLE = Automatic;
				CURRENT_PROJECT_VERSION = 1;
				DEVELOPMENT_TEAM = 52996BN33J;
				GENERATE_INFOPLIST_FILE = YES;
				IPHONEOS_DEPLOYMENT_TARGET = 26.0;
				MARKETING_VERSION = 1.0;
				PRODUCT_BUNDLE_IDENTIFIER = "com.PatricioJulianPerez.Challenge-CitiesTests";
				PRODUCT_NAME = "$(TARGET_NAME)";
				STRING_CATALOG_GENERATE_SYMBOLS = NO;
				SWIFT_APPROACHABLE_CONCURRENCY = YES;
				SWIFT_EMIT_LOC_STRINGS = NO;
				SWIFT_OBJC_BRIDGING_HEADER = "Challenge-CitiesTests/Mocks/Challenge-CitiesTests-Bridging-Header.h";
				SWIFT_OPTIMIZATION_LEVEL = "-Onone";
				SWIFT_UPCOMING_FEATURE_MEMBER_IMPORT_VISIBILITY = YES;
				SWIFT_VERSION = 5.0;
				TARGETED_DEVICE_FAMILY = "1,2";
				TEST_HOST = "$(BUILT_PRODUCTS_DIR)/Challenge-Cities.app/$(BUNDLE_EXECUTABLE_FOLDER_PATH)/Challenge-Cities";
			};
			name = Debug;
		};
		C19BB0F52F20391800D0775A /* Release */ = {
			isa = XCBuildConfiguration;
			buildSettings = {
				BUNDLE_LOADER = "$(TEST_HOST)";
				CLANG_ENABLE_MODULES = YES;
				CODE_SIGN_STYLE = Automatic;
				CURRENT_PROJECT_VERSION = 1;
				DEVELOPMENT_TEAM = 52996BN33J;
				GENERATE_INFOPLIST_FILE = YES;
				IPHONEOS_DEPLOYMENT_TARGET = 26.0;
				MARKETING_VERSION = 1.0;
				PRODUCT_BUNDLE_IDENTIFIER = "com.PatricioJulianPerez.Challenge-CitiesTests";
				PRODUCT_NAME = "$(TARGET_NAME)";
				STRING_CATALOG_GENERATE_SYMBOLS = NO;
				SWIFT_APPROACHABLE_CONCURRENCY = YES;
				SWIFT_EMIT_LOC_STRINGS = NO;
				SWIFT_OBJC_BRIDGING_HEADER = "Challenge-CitiesTests/Mocks/Challenge-CitiesTests-Bridging-Header.h";
				SWIFT_UPCOMING_FEATURE_MEMBER_IMPORT_VISIBILITY = YES;
				SWIFT_VERSION = 5.0;
				TARGETED_DEVICE_FAMILY = "1,2";
				TEST_HOST = "$(BUILT_PRODUCTS_DIR)/Challenge-Cities.app/$(BUNDLE_EXECUTABLE_FOLDER_PATH)/Challenge-Cities";
			};
			name = Release;
		};
		C19BB0F72F20391800D0775A /* Debug */ = {
			isa = XCBuildConfiguration;
			buildSettings = {
				CODE_SIGN_STYLE = Automatic;
				CURRENT_PROJECT_VERSION = 1;
				DEVELOPMENT_TEAM = 52996BN33J;
				GENERATE_INFOPLIST_FILE = YES;
				MARKETING_VERSION = 1.0;
				PRODUCT_BUNDLE_IDENTIFIER = "com.PatricioJulianPerez.Challenge-CitiesUITests";
				PRODUCT_NAME = "$(TARGET_NAME)";
				STRING_CATALOG_GENERATE_SYMBOLS = NO;
				SWIFT_APPROACHABLE_CONCURRENCY = YES;
				SWIFT_EMIT_LOC_STRINGS = NO;
				SWIFT_UPCOMING_FEATURE_MEMBER_IMPORT_VISIBILITY = YES;
				SWIFT_VERSION = 5.0;
				TARGETED_DEVICE_FAMILY = "1,2";
				TEST_TARGET_NAME = "Challenge-Cities";
			};
			name = Debug;
		};
		C19BB0F82F20391800D0775A /* Release */ = {
			isa = XCBuildConfiguration;
			buildSettings = {
				CODE_SIGN_STYLE = Automatic;
				CURRENT_PROJECT_VERSION = 1;
				DEVELOPMENT_TEAM = 52996BN33J;
				GENERATE_INFOPLIST_FILE = YES;
				MARKETING_VERSION = 1.0;
				PRODUCT_BUNDLE_IDENTIFIER = "com.PatricioJulianPerez.Challenge-CitiesUITests";
				PRODUCT_NAME = "$(TARGET_NAME)";
				STRING_CATALOG_GENERATE_SYMBOLS = NO;
				SWIFT_APPROACHABLE_CONCURRENCY = YES;
				SWIFT_EMIT_LOC_STRINGS = NO;
				SWIFT_UPCOMING_FEATURE_MEMBER_IMPORT_VISIBILITY = YES;
				SWIFT_VERSION = 5.0;
				TARGETED_DEVICE_FAMILY = "1,2";
				TEST_TARGET_NAME = "Challenge-Cities";
			};
			name = Release;
		};
/* End XCBuildConfiguration section */

/* Begin XCConfigurationList section */
		C19BB0CA2F20391600D0775A /* Build configuration list for PBXProject "Challenge-Cities" */ = {
			isa = XCConfigurationList;
			buildConfigurations = (
				C19BB0EE2F20391800D0775A /* Debug */,
				C19BB0EF2F20391800D0775A /* Release */,
			);
			defaultConfigurationIsVisible = 0;
			defaultConfigurationName = Release;
		};
		C19BB0F02F20391800D0775A /* Build configuration list for PBXNativeTarget "Challenge-Cities" */ = {
			isa = XCConfigurationList;
			buildConfigurations = (
				C19BB0F12F20391800D0775A /* Debug */,
				C19BB0F22F20391800D0775A /* Release */,
			);
			defaultConfigurationIsVisible = 0;
			defaultConfigurationName = Release;
		};
		C19BB0F32F20391800D0775A /* Build configuration list for PBXNativeTarget "Challenge-CitiesTests" */ = {
			isa = XCConfigurationList;
			buildConfigurations = (
				C19BB0F42F20391800D0775A /* Debug */,
				C19BB0F52F20391800D0775A /* Release */,
			);
			defaultConfigurationIsVisible = 0;
			defaultConfigurationName = Release;
		};
		C19BB0F62F20391800D0775A /* Build configuration list for PBXNativeTarget "Challenge-CitiesUITests" */ = {
			isa = XCConfigurationList;
			buildConfigurations = (
				C19BB0F72F20391800D0775A /* Debug */,
				C19BB0F82F20391800D0775A /* Release */,
			);
			defaultConfigurationIsVisible = 0;
			defaultConfigurationName = Release;
		};
/* End XCConfigurationList section */
	};
	rootObject = C19BB0C72F20391600D0775A /* Project object */;
}
